
Microsoft Visual Studio Solution File, Format Version 12.00
# Visual Studio Version 17
VisualStudioVersion = 17.14.37411.7 d17.14
MinimumVisualStudioVersion = 10.0.40219.1
Project("{FAE04EC0-301F-11D3-BF4B-00C04F79EFBC}") = "PM2E1280114", "PM2E1280114.csproj", "{C214025A-564F-4C2F-B83A-E00C7FA17E83}"
EndProject
Global
	GlobalSection(SolutionConfigurationPlatforms) = preSolution
		Debug|Any CPU = Debug|Any CPU
		Release|Any CPU = Release|Any CPU
	EndGlobalSection
	GlobalSection(ProjectConfigurationPlatforms) = postSolution
		{C214025A-564F-4C2F-B83A-E00C7FA17E83}.Debug|Any CPU.ActiveCfg = Debug|Any CPU
		{C214025A-564F-4C2F-B83A-E00C7FA17E83}.Debug|Any CPU.Build.0 = Debug|Any CPU
		{C214025A-564F-4C2F-B83A-E00C7FA17E83}.Release|Any CPU.ActiveCfg = Release|Any CPU
		{C214025A-564F-4C2F-B83A-E00C7FA17E83}.Release|Any CPU.Build.0 = Release|Any CPU
	EndGlobalSection
	GlobalSection(SolutionProperties) = preSolution
		HideSolutionNode = FALSE
	EndGlobalSection
	GlobalSection(ExtensibilityGlobals) = postSolution
		SolutionGuid = {4A57FFE1-9BC4-407D-8CF4-16066054DBD8}
	EndGlobalSection
EndGlobal
